
Microsoft Visual Studio Solution File, Format Version 12.00
# Visual Studio Version 16
VisualStudioVersion = 16.0.30804.86
MinimumVisualStudioVersion = 10.0.40219.1
Project("{FAE04EC0-301F-11D3-BF4B-00C04F79EFBC}") = "eBuyAntiquesStore2", "eBuyAntiquesStore2.csproj", "{5885DDBB-67DB-447A-80A3-F3F510C40465}"
EndProject
Global
	GlobalSection(SolutionConfigurationPlatforms) = preSolution
		Debug|Any CPU = Debug|Any CPU
		Release|Any CPU = Release|Any CPU
	EndGlobalSection
	GlobalSection(ProjectConfigurationPlatforms) = postSolution
		{5885DDBB-67DB-447A-80A3-F3F510C40465}.Debug|Any CPU.ActiveCfg = Debug|Any CPU
		{5885DDBB-67DB-447A-80A3-F3F510C40465}.Debug|Any CPU.Build.0 = Debug|Any CPU
		{5885DDBB-67DB-447A-80A3-F3F510C40465}.Release|Any CPU.ActiveCfg = Release|Any CPU
		{5885DDBB-67DB-447A-80A3-F3F510C40465}.Release|Any CPU.Build.0 = Release|Any CPU
	EndGlobalSection
	GlobalSection(SolutionProperties) = preSolution
		HideSolutionNode = FALSE
	EndGlobalSection
	GlobalSection(ExtensibilityGlobals) = postSolution
		SolutionGuid = {1503303D-8AC0-4983-A583-6E9976C9077C}
	EndGlobalSection
EndGlobal
